
Microsoft Visual Studio Solution File, Format Version 11.00
# Visual Studio 2010
Project("{FAE04EC0-301F-11D3-BF4B-00C04F79EFBC}") = "Assembly-CSharp", "Assembly-CSharp.csproj", "{b186eb68-84c6-77ea-79bd-eb14ff1237c0}"
EndProject
Project("{FAE04EC0-301F-11D3-BF4B-00C04F79EFBC}") = "Assembly-CSharp-Editor", "Assembly-CSharp-Editor.csproj", "{65317448-7612-11c1-d15f-8076cbf53986}"
EndProject
Global
	GlobalSection(SolutionConfigurationPlatforms) = preSolution
		Debug|Any CPU = Debug|Any CPU
	EndGlobalSection
	GlobalSection(ProjectConfigurationPlatforms) = postSolution
		{b186eb68-84c6-77ea-79bd-eb14ff1237c0}.Debug|Any CPU.ActiveCfg = Debug|Any CPU
		{b186eb68-84c6-77ea-79bd-eb14ff1237c0}.Debug|Any CPU.Build.0 = Debug|Any CPU
		{65317448-7612-11c1-d15f-8076cbf53986}.Debug|Any CPU.ActiveCfg = Debug|Any CPU
		{65317448-7612-11c1-d15f-8076cbf53986}.Debug|Any CPU.Build.0 = Debug|Any CPU
	EndGlobalSection
	GlobalSection(SolutionProperties) = preSolution
		HideSolutionNode = FALSE
	EndGlobalSection
EndGlobal
